
Microsoft Visual Studio Solution File, Format Version 12.00
# Visual Studio Version 16
VisualStudioVersion = 16.0.30907.101
MinimumVisualStudioVersion = 10.0.40219.1
Project("{FAE04EC0-301F-11D3-BF4B-00C04F79EFBC}") = "Web app de Retalho", "Web app de Retalho\Web app de Retalho.csproj", "{A3C38D3C-92CF-414D-96FA-24DB8E1C24EE}"
EndProject
Project("{FAE04EC0-301F-11D3-BF4B-00C04F79EFBC}") = "BD_Data_Main", "BD_Data_Main\BD_Data_Main.csproj", "{1291114A-2577-4204-9376-D20FB4C46DDA}"
EndProject
Global
	GlobalSection(SolutionConfigurationPlatforms) = preSolution
		Debug|Any CPU = Debug|Any CPU
		Release|Any CPU = Release|Any CPU
	EndGlobalSection
	GlobalSection(ProjectConfigurationPlatforms) = postSolution
		{A3C38D3C-92CF-414D-96FA-24DB8E1C24EE}.Debug|Any CPU.ActiveCfg = Debug|Any CPU
		{A3C38D3C-92CF-414D-96FA-24DB8E1C24EE}.Debug|Any CPU.Build.0 = Debug|Any CPU
		{A3C38D3C-92CF-414D-96FA-24DB8E1C24EE}.Release|Any CPU.ActiveCfg = Release|Any CPU
		{A3C38D3C-92CF-414D-96FA-24DB8E1C24EE}.Release|Any CPU.Build.0 = Release|Any CPU
		{1291114A-2577-4204-9376-D20FB4C46DDA}.Debug|Any CPU.ActiveCfg = Debug|Any CPU
		{1291114A-2577-4204-9376-D20FB4C46DDA}.Debug|Any CPU.Build.0 = Debug|Any CPU
		{1291114A-2577-4204-9376-D20FB4C46DDA}.Release|Any CPU.ActiveCfg = Release|Any CPU
		{1291114A-2577-4204-9376-D20FB4C46DDA}.Release|Any CPU.Build.0 = Release|Any CPU
	EndGlobalSection
	GlobalSection(SolutionProperties) = preSolution
		HideSolutionNode = FALSE
	EndGlobalSection
	GlobalSection(ExtensibilityGlobals) = postSolution
		SolutionGuid = {88CC15C7-0965-4D79-B57A-0AAAAE8BE458}
	EndGlobalSection
EndGlobal
